github.com/exotica-jewelry/purple-prism v0.0.0-20220628212555-5f44b653953e h1:Orz3SBeU506LjNnZ6hvbHmIuKZumic4meAo5fHNq7Rw=
github.com/exotica-jewelry/purple-prism v0.0.0-20220628212555-5f44b653953e/go.mod h1:1OOPEWnGyswn/Acim0FiXyDM0Cc8LAV+SeajKxt2UCM=
github.com/exotica-jewelry/purple-prism v0.0.0-20220702021206-6009824e9fce h1:D5nk/kjKgownRMIffPWE1XWR32LAxtJw/0RiOXNT5rU=
github.com/exotica-jewelry/purple-prism v0.0.0-20220702021206-6009824e9fce/go.mod h1:xADJBzdZ7JWe1LxUtXyxVSCKqSbSIs8StMS3RB/LfEQ=
