github.com/rootwork/hugo-module-gallery-grid v0.0.0-20220916003400-87c4341bfa7c h1:gc0WyrPKBKOJz8D8syJShQ7zdBcYroxoKPpr33W0R74=
github.com/rootwork/hugo-module-gallery-grid v0.0.0-20220916003400-87c4341bfa7c/go.mod h1:WAYy+brvYgQoJlxCIvQ7FWzd/veMTE4fwpKVUvO2TzI=
github.com/rootwork/hugo-module-gallery-grid v0.0.0-20220916004600-19b38487d116 h1:Td36e7iIbWp+8bCcQrPuNVORW+5QX5PUuvgNucMge/U=
github.com/rootwork/hugo-module-gallery-grid v0.0.0-20220916004600-19b38487d116/go.mod h1:iSieZp2e6r27jYGeX7MlQwayPfzAwYWMcnkRXgNopsA=
github.com/rootwork/hugo-module-gallery-grid v0.0.0-20220916010241-893dac098571 h1:yG52/+xumrfu0R3bCOl+dInn8OjGfS9F1NgTlQ87Rag=
github.com/rootwork/hugo-module-gallery-grid v0.0.0-20220916010241-893dac098571/go.mod h1:iSieZp2e6r27jYGeX7MlQwayPfzAwYWMcnkRXgNopsA=
github.com/rootwork/hugo-module-gallery-grid v0.0.0-20220917003335-e0cffafe25b4 h1:+Nyz2jLWYdi3ZTLMDiz41V4RqIAyt9I3cC5aYlI4Cgw=
github.com/rootwork/hugo-module-gallery-grid v0.0.0-20220917003335-e0cffafe25b4/go.mod h1:iSieZp2e6r27jYGeX7MlQwayPfzAwYWMcnkRXgNopsA=
github.com/rootwork/hugo-module-gallery-grid v0.0.0-20220917004918-00b218df2786 h1:0YSzmubx3iqMf7bUWeM4n5GNaFWAUsh6+JOK5AvIkW0=
github.com/rootwork/hugo-module-gallery-grid v0.0.0-20220917004918-00b218df2786/go.mod h1:iSieZp2e6r27jYGeX7MlQwayPfzAwYWMcnkRXgNopsA=
github.com/rootwork/hugo-module-gallery-grid v0.0.0-20220917005153-53904830a3f0 h1:GsuozM0NGs9mUyu2caW/O6CCocXSjNhSWQfvu7wHPMM=
github.com/rootwork/hugo-module-gallery-grid v0.0.0-20220917005153-53904830a3f0/go.mod h1:iSieZp2e6r27jYGeX7MlQwayPfzAwYWMcnkRXgNopsA=
github.com/rootwork/hugo-module-gallery-grid v0.0.0-20220917011635-32f70b2cd8b0 h1:AXIXcUN/LmGFvFWUuGOPHnmkmdAMfhwX4yjypG0+dsU=
github.com/rootwork/hugo-module-gallery-grid v0.0.0-20220917011635-32f70b2cd8b0/go.mod h1:iSieZp2e6r27jYGeX7MlQwayPfzAwYWMcnkRXgNopsA=
github.com/rootwork/hugo-module-gallery-grid v0.0.0-20220917015434-2bd7be43aefe h1:2pcVGZ5S7VhFJl9BZV+bdFL37dWT0ilHfgfzNGqCxhw=
github.com/rootwork/hugo-module-gallery-grid v0.0.0-20220917015434-2bd7be43aefe/go.mod h1:iSieZp2e6r27jYGeX7MlQwayPfzAwYWMcnkRXgNopsA=
github.com/rootwork/hugo-module-gallery-grid v0.0.0-20220917024433-da422b21895a h1:GVF7IhtxP4tFK9wwm7Hs677b2LjzyC7/mXqj1RuONkc=
github.com/rootwork/hugo-module-gallery-grid v0.0.0-20220917024433-da422b21895a/go.mod h1:iSieZp2e6r27jYGeX7MlQwayPfzAwYWMcnkRXgNopsA=
